// !$*UTF8*$!
{
	archiveVersion = 1;
	classes = {
	};
	objectVersion = 50;
	objects = {

/* Begin PBXBuildFile section */
		238950AC23F1EFDC00EA02FE /* AppDelegate.swift in Sources */ = {isa = PBXBuildFile; fileRef = 238950AB23F1EFDC00EA02FE /* AppDelegate.swift */; };
		238950AE23F1EFDC00EA02FE /* SceneDelegate.swift in Sources */ = {isa = PBXBuildFile; fileRef = 238950AD23F1EFDC00EA02FE /* SceneDelegate.swift */; };
		238950B023F1EFDC00EA02FE /* ToDoListViewController.swift in Sources */ = {isa = PBXBuildFile; fileRef = 238950AF23F1EFDC00EA02FE /* ToDoListViewController.swift */; };
		238950B323F1EFDC00EA02FE /* Main.storyboard in Resources */ = {isa = PBXBuildFile; fileRef = 238950B123F1EFDC00EA02FE /* Main.storyboard */; };
		238950B523F1EFDF00EA02FE /* Assets.xcassets in Resources */ = {isa = PBXBuildFile; fileRef = 238950B423F1EFDF00EA02FE /* Assets.xcassets */; };
		238950B823F1EFDF00EA02FE /* LaunchScreen.storyboard in Resources */ = {isa = PBXBuildFile; fileRef = 238950B623F1EFDF00EA02FE /* LaunchScreen.storyboard */; };
		238950C023F1FB0E00EA02FE /* ToDoDetailTableViewController.swift in Sources */ = {isa = PBXBuildFile; fileRef = 238950BF23F1FB0E00EA02FE /* ToDoDetailTableViewController.swift */; };
		238950E223F3470100EA02FE /* ToDoItem.swift in Sources */ = {isa = PBXBuildFile; fileRef = 238950E123F3470100EA02FE /* ToDoItem.swift */; };
		23EB1D5A2417E6B100D2ADB7 /* ListTableViewCell.swift in Sources */ = {isa = PBXBuildFile; fileRef = 23EB1D592417E6B100D2ADB7 /* ListTableViewCell.swift */; };
		23EB1D5C2417F2F900D2ADB7 /* ToDoItems.swift in Sources */ = {isa = PBXBuildFile; fileRef = 23EB1D5B2417F2F900D2ADB7 /* ToDoItems.swift */; };
		23EB1D5E2417F72500D2ADB7 /* LaunchNotificationManager.swift in Sources */ = {isa = PBXBuildFile; fileRef = 23EB1D5D2417F72500D2ADB7 /* LaunchNotificationManager.swift */; };
		23EB1D602417FC2100D2ADB7 /* UIViewController+alert.swift in Sources */ = {isa = PBXBuildFile; fileRef = 23EB1D5F2417FC2100D2ADB7 /* UIViewController+alert.swift */; };
/* End PBXBuildFile section */

/* Begin PBXFileReference section */
		238950A823F1EFDC00EA02FE /* ToDo List.app */ = {isa = PBXFileReference; explicitFileType = wrapper.application; includeInIndex = 0; path = "ToDo List.app"; sourceTree = BUILT_PRODUCTS_DIR; };
		238950AB23F1EFDC00EA02FE /* AppDelegate.swift */ = {isa = PBXFileReference; lastKnownFileType = sourcecode.swift; path = AppDelegate.swift; sourceTree = "<group>"; };
		238950AD23F1EFDC00EA02FE /* SceneDelegate.swift */ = {isa = PBXFileReference; lastKnownFileType = sourcecode.swift; path = SceneDelegate.swift; sourceTree = "<group>"; };
		238950AF23F1EFDC00EA02FE /* ToDoListViewController.swift */ = {isa = PBXFileReference; lastKnownFileType = sourcecode.swift; path = ToDoListViewController.swift; sourceTree = "<group>"; };
		238950B223F1EFDC00EA02FE /* Base */ = {isa = PBXFileReference; lastKnownFileType = file.storyboard; name = Base; path = Base.lproj/Main.storyboard; sourceTree = "<group>"; };
		238950B423F1EFDF00EA02FE /* Assets.xcassets */ = {isa = PBXFileReference; lastKnownFileType = folder.assetcatalog; path = Assets.xcassets; sourceTree = "<group>"; };
		238950B723F1EFDF00EA02FE /* Base */ = {isa = PBXFileReference; lastKnownFileType = file.storyboard; name = Base; path = Base.lproj/LaunchScreen.storyboard; sourceTree = "<group>"; };
		238950B923F1EFDF00EA02FE /* Info.plist */ = {isa = PBXFileReference; lastKnownFileType = text.plist.xml; path = Info.plist; sourceTree = "<group>"; };
		238950BF23F1FB0E00EA02FE /* ToDoDetailTableViewController.swift */ = {isa = PBXFileReference; lastKnownFileType = sourcecode.swift; path = ToDoDetailTableViewController.swift; sourceTree = "<group>"; };
		238950E123F3470100EA02FE /* ToDoItem.swift */ = {isa = PBXFileReference; lastKnownFileType = sourcecode.swift; path = ToDoItem.swift; sourceTree = "<group>"; };
		23EB1D592417E6B100D2ADB7 /* ListTableViewCell.swift */ = {isa = PBXFileReference; lastKnownFileType = sourcecode.swift; path = ListTableViewCell.swift; sourceTree = "<group>"; };
		23EB1D5B2417F2F900D2ADB7 /* ToDoItems.swift */ = {isa = PBXFileReference; lastKnownFileType = sourcecode.swift; path = ToDoItems.swift; sourceTree = "<group>"; };
		23EB1D5D2417F72500D2ADB7 /* LaunchNotificationManager.swift */ = {isa = PBXFileReference; lastKnownFileType = sourcecode.swift; path = LaunchNotificationManager.swift; sourceTree = "<group>"; };
		23EB1D5F2417FC2100D2ADB7 /* UIViewController+alert.swift */ = {isa = PBXFileReference; lastKnownFileType = sourcecode.swift; path = "UIViewController+alert.swift"; sourceTree = "<group>"; };
/* End PBXFileReference section */

/* Begin PBXFrameworksBuildPhase section */
		238950A523F1EFDC00EA02FE /* Frameworks */ = {
			isa = PBXFrameworksBuildPhase;
			buildActionMask = 2147483647;
			files = (
			);
			runOnlyForDeploymentPostprocessing = 0;
		};
/* End PBXFrameworksBuildPhase section */

/* Begin PBXGroup section */
		2389509F23F1EFDC00EA02FE = {
			isa = PBXGroup;
			children = (
				238950AA23F1EFDC00EA02FE /* ToDo List */,
				238950A923F1EFDC00EA02FE /* Products */,
			);
			sourceTree = "<group>";
		};
		238950A923F1EFDC00EA02FE /* Products */ = {
			isa = PBXGroup;
			children = (
				238950A823F1EFDC00EA02FE /* ToDo List.app */,
			);
			name = Products;
			sourceTree = "<group>";
		};
		238950AA23F1EFDC00EA02FE /* ToDo List */ = {
			isa = PBXGroup;
			children = (
				238950AB23F1EFDC00EA02FE /* AppDelegate.swift */,
				238950AD23F1EFDC00EA02FE /* SceneDelegate.swift */,
				23EB1D5D2417F72500D2ADB7 /* LaunchNotificationManager.swift */,
				23EB1D5F2417FC2100D2ADB7 /* UIViewController+alert.swift */,
				238950E123F3470100EA02FE /* ToDoItem.swift */,
				23EB1D5B2417F2F900D2ADB7 /* ToDoItems.swift */,
				238950AF23F1EFDC00EA02FE /* ToDoListViewController.swift */,
				238950BF23F1FB0E00EA02FE /* ToDoDetailTableViewController.swift */,
				23EB1D592417E6B100D2ADB7 /* ListTableViewCell.swift */,
				238950B123F1EFDC00EA02FE /* Main.storyboard */,
				238950B423F1EFDF00EA02FE /* Assets.xcassets */,
				238950B623F1EFDF00EA02FE /* LaunchScreen.storyboard */,
				238950B923F1EFDF00EA02FE /* Info.plist */,
			);
			path = "ToDo List";
			sourceTree = "<group>";
		};
/* End PBXGroup section */

/* Begin PBXNativeTarget section */
		238950A723F1EFDC00EA02FE /* ToDo List */ = {
			isa = PBXNativeTarget;
			buildConfigurationList = 238950BC23F1EFDF00EA02FE /* Build configuration list for PBXNativeTarget "ToDo List" */;
			buildPhases = (
				238950A423F1EFDC00EA02FE /* Sources */,
				238950A523F1EFDC00EA02FE /* Frameworks */,
				238950A623F1EFDC00EA02FE /* Resources */,
			);
			buildRules = (
			);
			dependencies = (
			);
			name = "ToDo List";
			productName = "ToDo List";
			productReference = 238950A823F1EFDC00EA02FE /* ToDo List.app */;
			productType = "com.apple.product-type.application";
		};
/* End PBXNativeTarget section */

/* Begin PBXProject section */
		238950A023F1EFDC00EA02FE /* Project object */ = {
			isa = PBXProject;
			attributes = {
				LastSwiftUpdateCheck = 1130;
				LastUpgradeCheck = 1130;
				ORGANIZATIONNAME = "Chris Ware";
				TargetAttributes = {
					238950A723F1EFDC00EA02FE = {
						CreatedOnToolsVersion = 11.3.1;
					};
				};
			};
			buildConfigurationList = 238950A323F1EFDC00EA02FE /* Build configuration list for PBXProject "ToDo List" */;
			compatibilityVersion = "Xcode 9.3";
			developmentRegion = en;
			hasScannedForEncodings = 0;
			knownRegions = (
				en,
				Base,
			);
			mainGroup = 2389509F23F1EFDC00EA02FE;
			productRefGroup = 238950A923F1EFDC00EA02FE /* Products */;
			projectDirPath = "";
			projectRoot = "";
			targets = (
				238950A723F1EFDC00EA02FE /* ToDo List */,
			);
		};
/* End PBXProject section */

/* Begin PBXResourcesBuildPhase section */
		238950A623F1EFDC00EA02FE /* Resources */ = {
			isa = PBXResourcesBuildPhase;
			buildActionMask = 2147483647;
			files = (
				238950B823F1EFDF00EA02FE /* LaunchScreen.storyboard in Resources */,
				238950B523F1EFDF00EA02FE /* Assets.xcassets in Resources */,
				238950B323F1EFDC00EA02FE /* Main.storyboard in Resources */,
			);
			runOnlyForDeploymentPostprocessing = 0;
		};
/* End PBXResourcesBuildPhase section */

/* Begin PBXSourcesBuildPhase section */
		238950A423F1EFDC00EA02FE /* Sources */ = {
			isa = PBXSourcesBuildPhase;
			buildActionMask = 2147483647;
			files = (
				238950B023F1EFDC00EA02FE /* ToDoListViewController.swift in Sources */,
				23EB1D5C2417F2F900D2ADB7 /* ToDoItems.swift in Sources */,
				238950AC23F1EFDC00EA02FE /* AppDelegate.swift in Sources */,
				23EB1D602417FC2100D2ADB7 /* UIViewController+alert.swift in Sources */,
				238950E223F3470100EA02FE /* ToDoItem.swift in Sources */,
				238950C023F1FB0E00EA02FE /* ToDoDetailTableViewController.swift in Sources */,
				238950AE23F1EFDC00EA02FE /* SceneDelegate.swift in Sources */,
				23EB1D5A2417E6B100D2ADB7 /* ListTableViewCell.swift in Sources */,
				23EB1D5E2417F72500D2ADB7 /* LaunchNotificationManager.swift in Sources */,
			);
			runOnlyForDeploymentPostprocessing = 0;
		};
/* End PBXSourcesBuildPhase section */

/* Begin PBXVariantGroup section */
		238950B123F1EFDC00EA02FE /* Main.storyboard */ = {
			isa = PBXVariantGroup;
			children = (
				238950B223F1EFDC00EA02FE /* Base */,
			);
			name = Main.storyboard;
			sourceTree = "<group>";
		};
		238950B623F1EFDF00EA02FE /* LaunchScreen.storyboard */ = {
			isa = PBXVariantGroup;
			children = (
				238950B723F1EFDF00EA02FE /* Base */,
			);
			name = LaunchScreen.storyboard;
			sourceTree = "<group>";
		};
/* End PBXVariantGroup section */

/* Begin XCBuildConfiguration section */
		238950BA23F1EFDF00EA02FE /* Debug */ = {
			isa = XCBuildConfiguration;
			buildSettings = {
				ALWAYS_SEARCH_USER_PATHS = NO;
				CLANG_ANALYZER_NONNULL = YES;
				CLANG_ANALYZER_NUMBER_OBJECT_CONVERSION = YES_AGGRESSIVE;
				CLANG_CXX_LANGUAGE_STANDARD = "gnu++14";
				CLANG_CXX_LIBRARY = "libc++";
				CLANG_ENABLE_MODULES = YES;
				CLANG_ENABLE_OBJC_ARC = YES;
				CLANG_ENABLE_OBJC_WEAK = YES;
				CLANG_WARN_BLOCK_CAPTURE_AUTORELEASING = YES;
				CLANG_WARN_BOOL_CONVERSION = YES;
				CLANG_WARN_COMMA = YES;
				CLANG_WARN_CONSTANT_CONVERSION = YES;
				CLANG_WARN_DEPRECATED_OBJC_IMPLEMENTATIONS = YES;
				CLANG_WARN_DIRECT_OBJC_ISA_USAGE = YES_ERROR;
				CLANG_WARN_DOCUMENTATION_COMMENTS = YES;
				CLANG_WARN_EMPTY_BODY = YES;
				CLANG_WARN_ENUM_CONVERSION = YES;
				CLANG_WARN_INFINITE_RECURSION = YES;
				CLANG_WARN_INT_CONVERSION = YES;
				CLANG_WARN_NON_LITERAL_NULL_CONVERSION = YES;
				CLANG_WARN_OBJC_IMPLICIT_RETAIN_SELF = YES;
				CLANG_WARN_OBJC_LITERAL_CONVERSION = YES;
				CLANG_WARN_OBJC_ROOT_CLASS = YES_ERROR;
				CLANG_WARN_RANGE_LOOP_ANALYSIS = YES;
				CLANG_WARN_STRICT_PROTOTYPES = YES;
				CLANG_WARN_SUSPICIOUS_MOVE = YES;
				CLANG_WARN_UNGUARDED_AVAILABILITY = YES_AGGRESSIVE;
				CLANG_WARN_UNREACHABLE_CODE = YES;
				CLANG_WARN__DUPLICATE_METHOD_MATCH = YES;
				COPY_PHASE_STRIP = NO;
				DEBUG_INFORMATION_FORMAT = dwarf;
				ENABLE_STRICT_OBJC_MSGSEND = YES;
				ENABLE_TESTABILITY = YES;
				GCC_C_LANGUAGE_STANDARD = gnu11;
				GCC_DYNAMIC_NO_PIC = NO;
				GCC_NO_COMMON_BLOCKS = YES;
				GCC_OPTIMIZATION_LEVEL = 0;
				GCC_PREPROCESSOR_DEFINITIONS = (
					"DEBUG=1",
					"$(inherited)",
				);
				GCC_WARN_64_TO_32_BIT_CONVERSION = YES;
				GCC_WARN_ABOUT_RETURN_TYPE = YES_ERROR;
				GCC_WARN_UNDECLARED_SELECTOR = YES;
				GCC_WARN_UNINITIALIZED_AUTOS = YES_AGGRESSIVE;
				GCC_WARN_UNUSED_FUNCTION = YES;
				GCC_WARN_UNUSED_VARIABLE = YES;
				IPHONEOS_DEPLOYMENT_TARGET = 13.2;
				MTL_ENABLE_DEBUG_INFO = INCLUDE_SOURCE;
				MTL_FAST_MATH = YES;
				ONLY_ACTIVE_ARCH = YES;
				SDKROOT = iphoneos;
				SWIFT_ACTIVE_COMPILATION_CONDITIONS = DEBUG;
				SWIFT_OPTIMIZATION_LEVEL = "-Onone";
			};
			name = Debug;
		};
		238950BB23F1EFDF00EA02FE /* Release */ = {
			isa = XCBuildConfiguration;
			buildSettings = {
				ALWAYS_SEARCH_USER_PATHS = NO;
				CLANG_ANALYZER_NONNULL = YES;
				CLANG_ANALYZER_NUMBER_OBJECT_CONVERSION = YES_AGGRESSIVE;
				CLANG_CXX_LANGUAGE_STANDARD = "gnu++14";
				CLANG_CXX_LIBRARY = "libc++";
				CLANG_ENABLE_MODULES = YES;
				CLANG_ENABLE_OBJC_ARC = YES;
				CLANG_ENABLE_OBJC_WEAK = YES;
				CLANG_WARN_BLOCK_CAPTURE_AUTORELEASING = YES;
				CLANG_WARN_BOOL_CONVERSION = YES;
				CLANG_WARN_COMMA = YES;
				CLANG_WARN_CONSTANT_CONVERSION = YES;
				CLANG_WARN_DEPRECATED_OBJC_IMPLEMENTATIONS = YES;
				CLANG_WARN_DIRECT_OBJC_ISA_USAGE = YES_ERROR;
				CLANG_WARN_DOCUMENTATION_COMMENTS = YES;
				CLANG_WARN_EMPTY_BODY = YES;
				CLANG_WARN_ENUM_CONVERSION = YES;
				CLANG_WARN_INFINITE_RECURSION = YES;
				CLANG_WARN_INT_CONVERSION = YES;
				CLANG_WARN_NON_LITERAL_NULL_CONVERSION = YES;
				CLANG_WARN_OBJC_IMPLICIT_RETAIN_SELF = YES;
				CLANG_WARN_OBJC_LITERAL_CONVERSION = YES;
				CLANG_WARN_OBJC_ROOT_CLASS = YES_ERROR;
				CLANG_WARN_RANGE_LOOP_ANALYSIS = YES;
				CLANG_WARN_STRICT_PROTOTYPES = YES;
				CLANG_WARN_SUSPICIOUS_MOVE = YES;
				CLANG_WARN_UNGUARDED_AVAILABILITY = YES_AGGRESSIVE;
				CLANG_WARN_UNREACHABLE_CODE = YES;
				CLANG_WARN__DUPLICATE_METHOD_MATCH = YES;
				COPY_PHASE_STRIP = NO;
				DEBUG_INFORMATION_FORMAT = "dwarf-with-dsym";
				ENABLE_NS_ASSERTIONS = NO;
				ENABLE_STRICT_OBJC_MSGSEND = YES;
				GCC_C_LANGUAGE_STANDARD = gnu11;
				GCC_NO_COMMON_BLOCKS = YES;
				GCC_WARN_64_TO_32_BIT_CONVERSION = YES;
				GCC_WARN_ABOUT_RETURN_TYPE = YES_ERROR;
				GCC_WARN_UNDECLARED_SELECTOR = YES;
				GCC_WARN_UNINITIALIZED_AUTOS = YES_AGGRESSIVE;
				GCC_WARN_UNUSED_FUNCTION = YES;
				GCC_WARN_UNUSED_VARIABLE = YES;
				IPHONEOS_DEPLOYMENT_TARGET = 13.2;
				MTL_ENABLE_DEBUG_INFO = NO;
				MTL_FAST_MATH = YES;
				SDKROOT = iphoneos;
				SWIFT_COMPILATION_MODE = wholemodule;
				SWIFT_OPTIMIZATION_LEVEL = "-O";
				VALIDATE_PRODUCT = YES;
			};
			name = Release;
		};
		238950BD23F1EFDF00EA02FE /* Debug */ = {
			isa = XCBuildConfiguration;
			buildSettings = {
				ASSETCATALOG_COMPILER_APPICON_NAME = AppIcon;
				CODE_SIGN_STYLE = Automatic;
				DEVELOPMENT_TEAM = N86GYD454N;
				INFOPLIST_FILE = "ToDo List/Info.plist";
				LD_RUNPATH_SEARCH_PATHS = (
					"$(inherited)",
					"@executable_path/Frameworks",
				);
				PRODUCT_BUNDLE_IDENTIFIER = "com.ware.ToDo-List";
				PRODUCT_NAME = "$(TARGET_NAME)";
				SWIFT_VERSION = 5.0;
				TARGETED_DEVICE_FAMILY = "1,2";
			};
			name = Debug;
		};
		238950BE23F1EFDF00EA02FE /* Release */ = {
			isa = XCBuildConfiguration;
			buildSettings = {
				ASSETCATALOG_COMPILER_APPICON_NAME = AppIcon;
				CODE_SIGN_STYLE = Automatic;
				DEVELOPMENT_TEAM = N86GYD454N;
				INFOPLIST_FILE = "ToDo List/Info.plist";
				LD_RUNPATH_SEARCH_PATHS = (
					"$(inherited)",
					"@executable_path/Frameworks",
				);
				PRODUCT_BUNDLE_IDENTIFIER = "com.ware.ToDo-List";
				PRODUCT_NAME = "$(TARGET_NAME)";
				SWIFT_VERSION = 5.0;
				TARGETED_DEVICE_FAMILY = "1,2";
			};
			name = Release;
		};
/* End XCBuildConfiguration section */

/* Begin XCConfigurationList section */
		238950A323F1EFDC00EA02FE /* Build configuration list for PBXProject "ToDo List" */ = {
			isa = XCConfigurationList;
			buildConfigurations = (
				238950BA23F1EFDF00EA02FE /* Debug */,
				238950BB23F1EFDF00EA02FE /* Release */,
			);
			defaultConfigurationIsVisible = 0;
			defaultConfigurationName = Release;
		};
		238950BC23F1EFDF00EA02FE /* Build configuration list for PBXNativeTarget "ToDo List" */ = {
			isa = XCConfigurationList;
			buildConfigurations = (
				238950BD23F1EFDF00EA02FE /* Debug */,
				238950BE23F1EFDF00EA02FE /* Release */,
			);
			defaultConfigurationIsVisible = 0;
			defaultConfigurationName = Release;
		};
/* End XCConfigurationList section */
	};
	rootObject = 238950A023F1EFDC00EA02FE /* Project object */;
}
